schema: '2.0'
stages:
  split:
    cmd: python src/data/data_split.py
    deps:
    - path: data/raw_data/raw.csv
      hash: md5
      md5: 617b56af2992376d5c3e91ad80823898
      size: 333757
    - path: src/data/data_split.py
      hash: md5
      md5: b3093d09c40f060a9f923c0893be876f
      size: 1257
    outs:
    - path: data/processed_data/X_test.csv
      hash: md5
      md5: b2af62a7e108b077aec89fa2622996db
      size: 52624
    - path: data/processed_data/X_train.csv
      hash: md5
      md5: 535251fa6c1a1d098cc7a36e0bd62f38
      size: 209468
    - path: data/processed_data/y_test.csv
      hash: md5
      md5: a051d29629c8bbb4cfb7e85c7f0315da
      size: 6456
    - path: data/processed_data/y_train.csv
      hash: md5
      md5: a9cd9d91da89f732843d72548f64ded3
      size: 25951
  normalize:
    cmd: python src/data/normalize.py
    deps:
    - path: data/processed_data/X_test.csv
      hash: md5
      md5: b2af62a7e108b077aec89fa2622996db
      size: 52624
    - path: data/processed_data/X_train.csv
      hash: md5
      md5: 535251fa6c1a1d098cc7a36e0bd62f38
      size: 209468
    - path: src/data/normalize.py
      hash: md5
      md5: 69f3bc79f65c6d73749906fdf3dffb77
      size: 1155
    outs:
    - path: data/processed_data/X_test_scaled.csv
      hash: md5
      md5: 5e079189af6bd091d651a89fafb1c290
      size: 57026
    - path: data/processed_data/X_train_scaled.csv
      hash: md5
      md5: c1b80eb7f083888b625dd0369cf381f8
      size: 227497
  gridsearch:
    cmd: python src/models/grid_search.py
    deps:
    - path: data/processed_data/X_train_scaled.csv
      hash: md5
      md5: c1b80eb7f083888b625dd0369cf381f8
      size: 227497
    - path: data/processed_data/y_train.csv
      hash: md5
      md5: a9cd9d91da89f732843d72548f64ded3
      size: 25951
    - path: src/models/grid_search.py
      hash: md5
      md5: edd4e2d71e98b1a6d406ced4fc77b3ef
      size: 1701
    outs:
    - path: models/models/best_params.pkl
      hash: md5
      md5: 9a274dce5776117d5d844f3e8893538f
      size: 90
  training:
    cmd: python src/models/training.py
    deps:
    - path: data/processed_data/X_train_scaled.csv
      hash: md5
      md5: c1b80eb7f083888b625dd0369cf381f8
      size: 227497
    - path: data/processed_data/y_train.csv
      hash: md5
      md5: a9cd9d91da89f732843d72548f64ded3
      size: 25951
    - path: models/models/best_params.pkl
      hash: md5
      md5: 9a274dce5776117d5d844f3e8893538f
      size: 90
    - path: src/models/training.py
      hash: md5
      md5: e73b895a3c967e43cbbc3a5780873487
      size: 1155
    outs:
    - path: models/models/model.pkl
      hash: md5
      md5: 669abdbc60b5ff72182ecb6f0a831910
      size: 3432961
  evaluation:
    cmd: python src/models/evaluation.py
    deps:
    - path: data/processed_data/X_test_scaled.csv
      hash: md5
      md5: 5e079189af6bd091d651a89fafb1c290
      size: 57026
    - path: data/processed_data/y_test.csv
      hash: md5
      md5: a051d29629c8bbb4cfb7e85c7f0315da
      size: 6456
    - path: models/models/model.pkl
      hash: md5
      md5: 669abdbc60b5ff72182ecb6f0a831910
      size: 3432961
    - path: src/models/evaluation.py
      hash: md5
      md5: 4e871c4d0ee6bf3c23b40f23327bac7a
      size: 1678
    outs:
    - path: metrics/scores.json
      hash: md5
      md5: b32f2deb2ce2959a618231b349f7e13d
      size: 126
    - path: models/data/prediction.csv
      hash: md5
      md5: b2504e09961c81d078f99d04876f97b4
      size: 13234
